
Microsoft Visual Studio Solution File, Format Version 12.00
# Visual Studio 15
VisualStudioVersion = 15.0.25115.0
MinimumVisualStudioVersion = 10.0.40219.1
Project("{FAE04EC0-301F-11D3-BF4B-00C04F79EFBC}") = "ZeroSizeArrayAnalyzer", "ZeroSizeArrayAnalyzer\ZeroSizeArrayAnalyzer\ZeroSizeArrayAnalyzer.csproj", "{7F74E3C8-29BF-469B-A4C5-680A9F563C96}"
EndProject
Project("{FAE04EC0-301F-11D3-BF4B-00C04F79EFBC}") = "ZeroSizeArrayAnalyzer.Test", "ZeroSizeArrayAnalyzer\ZeroSizeArrayAnalyzer.Test\ZeroSizeArrayAnalyzer.Test.csproj", "{2DD6B88F-CD06-499D-ACCA-BBAF58661D6B}"
EndProject
Project("{FAE04EC0-301F-11D3-BF4B-00C04F79EFBC}") = "ZeroSizeArrayAnalyzer.Vsix", "ZeroSizeArrayAnalyzer\ZeroSizeArrayAnalyzer.Vsix\ZeroSizeArrayAnalyzer.Vsix.csproj", "{482ED8EB-4570-4DF6-B1C8-0DC5AE42C0B8}"
EndProject
Global
	GlobalSection(SolutionConfigurationPlatforms) = preSolution
		Debug|Any CPU = Debug|Any CPU
		Release|Any CPU = Release|Any CPU
	EndGlobalSection
	GlobalSection(ProjectConfigurationPlatforms) = postSolution
		{7F74E3C8-29BF-469B-A4C5-680A9F563C96}.Debug|Any CPU.ActiveCfg = Debug|Any CPU
		{7F74E3C8-29BF-469B-A4C5-680A9F563C96}.Debug|Any CPU.Build.0 = Debug|Any CPU
		{7F74E3C8-29BF-469B-A4C5-680A9F563C96}.Release|Any CPU.ActiveCfg = Release|Any CPU
		{7F74E3C8-29BF-469B-A4C5-680A9F563C96}.Release|Any CPU.Build.0 = Release|Any CPU
		{2DD6B88F-CD06-499D-ACCA-BBAF58661D6B}.Debug|Any CPU.ActiveCfg = Debug|Any CPU
		{2DD6B88F-CD06-499D-ACCA-BBAF58661D6B}.Debug|Any CPU.Build.0 = Debug|Any CPU
		{2DD6B88F-CD06-499D-ACCA-BBAF58661D6B}.Release|Any CPU.ActiveCfg = Release|Any CPU
		{2DD6B88F-CD06-499D-ACCA-BBAF58661D6B}.Release|Any CPU.Build.0 = Release|Any CPU
		{482ED8EB-4570-4DF6-B1C8-0DC5AE42C0B8}.Debug|Any CPU.ActiveCfg = Debug|Any CPU
		{482ED8EB-4570-4DF6-B1C8-0DC5AE42C0B8}.Debug|Any CPU.Build.0 = Debug|Any CPU
		{482ED8EB-4570-4DF6-B1C8-0DC5AE42C0B8}.Release|Any CPU.ActiveCfg = Release|Any CPU
		{482ED8EB-4570-4DF6-B1C8-0DC5AE42C0B8}.Release|Any CPU.Build.0 = Release|Any CPU
	EndGlobalSection
	GlobalSection(SolutionProperties) = preSolution
		HideSolutionNode = FALSE
	EndGlobalSection
EndGlobal
